
Microsoft Visual Studio Solution File, Format Version 12.00
# Visual Studio Version 17
VisualStudioVersion = 17.6.33723.286
MinimumVisualStudioVersion = 10.0.40219.1
Project("{2150E333-8FDC-42A3-9474-1A3956D46DE8}") = "src", "src", "{3FE09C67-4B26-4417-8EF3-34A2C7F87C7A}"
EndProject
Project("{2150E333-8FDC-42A3-9474-1A3956D46DE8}") = "Core", "Core", "{6901E666-E836-44A2-ADBB-F668C82E0373}"
EndProject
Project("{2150E333-8FDC-42A3-9474-1A3956D46DE8}") = "Infraestructure", "Infraestructure", "{F2EA989C-321E-45E8-AE68-68A79C871E55}"
EndProject
Project("{2150E333-8FDC-42A3-9474-1A3956D46DE8}") = "Presentation", "Presentation", "{6AEDEA18-A40F-4F87-B6B6-28C369009EB1}"
EndProject
Project("{9A19103F-16F7-4668-BE54-9A1E7A4F7556}") = "Application", "Application\Application.csproj", "{F9A081B4-66AE-4F62-98C5-378E12E3C04E}"
EndProject
Project("{9A19103F-16F7-4668-BE54-9A1E7A4F7556}") = "Domain", "Domain\Domain.csproj", "{DF0B6284-DA4E-4D2A-9660-92A006259A32}"
EndProject
Project("{FAE04EC0-301F-11D3-BF4B-00C04F79EFBC}") = "Persistence", "Persistence\Persistence.csproj", "{4E430636-E055-4818-9F5E-9B47113EDD0E}"
EndProject
Project("{FAE04EC0-301F-11D3-BF4B-00C04F79EFBC}") = "Shared", "Shared\Shared.csproj", "{98DDB946-81A4-41AE-A02E-80D66AF66DAB}"
EndProject
Project("{FAE04EC0-301F-11D3-BF4B-00C04F79EFBC}") = "WebApi", "WebApi\WebApi.csproj", "{DF546624-DD9F-41C9-BB2F-6D1440B7E4F2}"
EndProject
Global
	GlobalSection(SolutionConfigurationPlatforms) = preSolution
		Debug|Any CPU = Debug|Any CPU
		Release|Any CPU = Release|Any CPU
	EndGlobalSection
	GlobalSection(ProjectConfigurationPlatforms) = postSolution
		{F9A081B4-66AE-4F62-98C5-378E12E3C04E}.Debug|Any CPU.ActiveCfg = Debug|Any CPU
		{F9A081B4-66AE-4F62-98C5-378E12E3C04E}.Debug|Any CPU.Build.0 = Debug|Any CPU
		{F9A081B4-66AE-4F62-98C5-378E12E3C04E}.Release|Any CPU.ActiveCfg = Release|Any CPU
		{F9A081B4-66AE-4F62-98C5-378E12E3C04E}.Release|Any CPU.Build.0 = Release|Any CPU
		{DF0B6284-DA4E-4D2A-9660-92A006259A32}.Debug|Any CPU.ActiveCfg = Debug|Any CPU
		{DF0B6284-DA4E-4D2A-9660-92A006259A32}.Debug|Any CPU.Build.0 = Debug|Any CPU
		{DF0B6284-DA4E-4D2A-9660-92A006259A32}.Release|Any CPU.ActiveCfg = Release|Any CPU
		{DF0B6284-DA4E-4D2A-9660-92A006259A32}.Release|Any CPU.Build.0 = Release|Any CPU
		{4E430636-E055-4818-9F5E-9B47113EDD0E}.Debug|Any CPU.ActiveCfg = Debug|Any CPU
		{4E430636-E055-4818-9F5E-9B47113EDD0E}.Debug|Any CPU.Build.0 = Debug|Any CPU
		{4E430636-E055-4818-9F5E-9B47113EDD0E}.Release|Any CPU.ActiveCfg = Release|Any CPU
		{4E430636-E055-4818-9F5E-9B47113EDD0E}.Release|Any CPU.Build.0 = Release|Any CPU
		{98DDB946-81A4-41AE-A02E-80D66AF66DAB}.Debug|Any CPU.ActiveCfg = Debug|Any CPU
		{98DDB946-81A4-41AE-A02E-80D66AF66DAB}.Debug|Any CPU.Build.0 = Debug|Any CPU
		{98DDB946-81A4-41AE-A02E-80D66AF66DAB}.Release|Any CPU.ActiveCfg = Release|Any CPU
		{98DDB946-81A4-41AE-A02E-80D66AF66DAB}.Release|Any CPU.Build.0 = Release|Any CPU
		{DF546624-DD9F-41C9-BB2F-6D1440B7E4F2}.Debug|Any CPU.ActiveCfg = Debug|Any CPU
		{DF546624-DD9F-41C9-BB2F-6D1440B7E4F2}.Debug|Any CPU.Build.0 = Debug|Any CPU
		{DF546624-DD9F-41C9-BB2F-6D1440B7E4F2}.Release|Any CPU.ActiveCfg = Release|Any CPU
		{DF546624-DD9F-41C9-BB2F-6D1440B7E4F2}.Release|Any CPU.Build.0 = Release|Any CPU
	EndGlobalSection
	GlobalSection(SolutionProperties) = preSolution
		HideSolutionNode = FALSE
	EndGlobalSection
	GlobalSection(NestedProjects) = preSolution
		{6901E666-E836-44A2-ADBB-F668C82E0373} = {3FE09C67-4B26-4417-8EF3-34A2C7F87C7A}
		{F2EA989C-321E-45E8-AE68-68A79C871E55} = {3FE09C67-4B26-4417-8EF3-34A2C7F87C7A}
		{6AEDEA18-A40F-4F87-B6B6-28C369009EB1} = {3FE09C67-4B26-4417-8EF3-34A2C7F87C7A}
		{F9A081B4-66AE-4F62-98C5-378E12E3C04E} = {6901E666-E836-44A2-ADBB-F668C82E0373}
		{DF0B6284-DA4E-4D2A-9660-92A006259A32} = {6901E666-E836-44A2-ADBB-F668C82E0373}
		{4E430636-E055-4818-9F5E-9B47113EDD0E} = {F2EA989C-321E-45E8-AE68-68A79C871E55}
		{98DDB946-81A4-41AE-A02E-80D66AF66DAB} = {F2EA989C-321E-45E8-AE68-68A79C871E55}
		{DF546624-DD9F-41C9-BB2F-6D1440B7E4F2} = {6AEDEA18-A40F-4F87-B6B6-28C369009EB1}
	EndGlobalSection
	GlobalSection(ExtensibilityGlobals) = postSolution
		SolutionGuid = {40682386-124A-4045-BB07-FC2C7ED8869C}
	EndGlobalSection
EndGlobal
